
Microsoft Visual Studio Solution File, Format Version 12.00
# Visual Studio Version 16
VisualStudioVersion = 16.0.31624.102
MinimumVisualStudioVersion = 10.0.40219.1
Project("{FAE04EC0-301F-11D3-BF4B-00C04F79EFBC}") = "Selfie1", "Selfie1.csproj", "{6C5CDA0F-1C42-47FD-8765-841945D7C2A4}"
EndProject
Global
	GlobalSection(SolutionConfigurationPlatforms) = preSolution
		Debug|Any CPU = Debug|Any CPU
		Release|Any CPU = Release|Any CPU
	EndGlobalSection
	GlobalSection(ProjectConfigurationPlatforms) = postSolution
		{6C5CDA0F-1C42-47FD-8765-841945D7C2A4}.Debug|Any CPU.ActiveCfg = Debug|Any CPU
		{6C5CDA0F-1C42-47FD-8765-841945D7C2A4}.Debug|Any CPU.Build.0 = Debug|Any CPU
		{6C5CDA0F-1C42-47FD-8765-841945D7C2A4}.Release|Any CPU.ActiveCfg = Release|Any CPU
		{6C5CDA0F-1C42-47FD-8765-841945D7C2A4}.Release|Any CPU.Build.0 = Release|Any CPU
	EndGlobalSection
	GlobalSection(SolutionProperties) = preSolution
		HideSolutionNode = FALSE
	EndGlobalSection
	GlobalSection(ExtensibilityGlobals) = postSolution
		SolutionGuid = {D654DDF9-0C33-4333-A314-7A46EDA96752}
	EndGlobalSection
EndGlobal
